PODS:
  - AppAuth (1.7.6):
    - AppAuth/Core (= 1.7.6)
    - AppAuth/ExternalUserAgent (= 1.7.6)
  - AppAuth/Core (1.7.6)
  - AppAuth/ExternalUserAgent (1.7.6):
    - AppAuth/Core
  - AppCheckCore (11.2.0):
    - GoogleUtilities/Environment (~> 8.0)
    - GoogleUtilities/UserDefaults (~> 8.0)
    - PromisesObjC (~> 2.4)
  - Flutter (1.0.0)
  - flutter_credit_card (0.0.1):
    - Flutter
  - flutter_secure_storage (6.0.0):
    - Flutter
  - fluttertoast (0.0.2):
    - Flutter
  - google_sign_in_ios (0.0.1):
    - AppAuth (>= 1.7.4)
    - Flutter
    - FlutterMacOS
    - GoogleSignIn (~> 8.0)
    - GTMSessionFetcher (>= 3.4.0)
  - GoogleSignIn (8.0.0):
    - AppAuth (< 2.0, >= 1.7.3)
    - AppCheckCore (~> 11.0)
    - GTMAppAuth (< 5.0, >= 4.1.1)
    - GTMSessionFetcher/Core (~> 3.3)
  - GoogleUtilities/Environment (8.1.0):
    - GoogleUtilities/Privacy
  - GoogleUtilities/Logger (8.1.0):
    - GoogleUtilities/Environment
    - GoogleUtilities/Privacy
  - GoogleUtilities/Privacy (8.1.0)
  - GoogleUtilities/UserDefaults (8.1.0):
    - GoogleUtilities/Logger
    - GoogleUtilities/Privacy
  - GTMAppAuth (4.1.1):
    - AppAuth/Core (~> 1.7)
    - GTMSessionFetcher/Core (< 4.0, >= 3.3)
  - GTMSessionFetcher (3.5.0):
    - GTMSessionFetcher/Full (= 3.5.0)
  - GTMSessionFetcher/Core (3.5.0)
  - GTMSessionFetcher/Full (3.5.0):
    - GTMSessionFetcher/Core
  - image_picker_ios (0.0.1):
    - Flutter
  - path_provider_foundation (0.0.1):
    - Flutter
    - FlutterMacOS
  - PromisesObjC (2.4.0)
  - shared_preferences_foundation (0.0.1):
    - Flutter
    - FlutterMacOS
  - Stripe (24.16.2):
    - StripeApplePay (= 24.16.2)
    - StripeCore (= 24.16.2)
    - StripePayments (= 24.16.2)
    - StripePaymentsUI (= 24.16.2)
    - StripeUICore (= 24.16.2)
  - stripe_ios (0.0.1):
    - Flutter
    - Stripe (~> 24.16.1)
    - stripe_ios/stripe_ios (= 0.0.1)
    - stripe_ios/stripe_objc (= 0.0.1)
    - StripeApplePay (~> 24.16.1)
    - StripeFinancialConnections (~> 24.16.1)
    - StripePayments (~> 24.16.1)
    - StripePaymentSheet (~> 24.16.1)
    - StripePaymentsUI (~> 24.16.1)
  - stripe_ios/stripe_ios (0.0.1):
    - Flutter
    - Stripe (~> 24.16.1)
    - stripe_ios/stripe_objc
    - StripeApplePay (~> 24.16.1)
    - StripeFinancialConnections (~> 24.16.1)
    - StripePayments (~> 24.16.1)
    - StripePaymentSheet (~> 24.16.1)
    - StripePaymentsUI (~> 24.16.1)
  - stripe_ios/stripe_objc (0.0.1):
    - Flutter
    - Stripe (~> 24.16.1)
    - StripeApplePay (~> 24.16.1)
    - StripeFinancialConnections (~> 24.16.1)
    - StripePayments (~> 24.16.1)
    - StripePaymentSheet (~> 24.16.1)
    - StripePaymentsUI (~> 24.16.1)
  - StripeApplePay (24.16.2):
    - StripeCore (= 24.16.2)
  - StripeCore (24.16.2)
  - StripeFinancialConnections (24.16.2):
    - StripeCore (= 24.16.2)
    - StripeUICore (= 24.16.2)
  - StripePayments (24.16.2):
    - StripeCore (= 24.16.2)
    - StripePayments/Stripe3DS2 (= 24.16.2)
  - StripePayments/Stripe3DS2 (24.16.2):
    - StripeCore (= 24.16.2)
  - StripePaymentSheet (24.16.2):
    - StripeApplePay (= 24.16.2)
    - StripeCore (= 24.16.2)
    - StripePayments (= 24.16.2)
    - StripePaymentsUI (= 24.16.2)
  - StripePaymentsUI (24.16.2):
    - StripeCore (= 24.16.2)
    - StripePayments (= 24.16.2)
    - StripeUICore (= 24.16.2)
  - StripeUICore (24.16.2):
    - StripeCore (= 24.16.2)
  - video_player_avfoundation (0.0.1):
    - Flutter
    - FlutterMacOS

DEPENDENCIES:
  - Flutter (from `Flutter`)
  - flutter_credit_card (from `.symlinks/plugins/flutter_credit_card/ios`)
  - flutter_secure_storage (from `.symlinks/plugins/flutter_secure_storage/ios`)
  - fluttertoast (from `.symlinks/plugins/fluttertoast/ios`)
  - google_sign_in_ios (from `.symlinks/plugins/google_sign_in_ios/darwin`)
  - image_picker_ios (from `.symlinks/plugins/image_picker_ios/ios`)
  - path_provider_foundation (from `.symlinks/plugins/path_provider_foundation/darwin`)
  - shared_preferences_foundation (from `.symlinks/plugins/shared_preferences_foundation/darwin`)
  - stripe_ios (from `.symlinks/plugins/stripe_ios/ios`)
  - video_player_avfoundation (from `.symlinks/plugins/video_player_avfoundation/darwin`)

SPEC REPOS:
  trunk:
    - AppAuth
    - AppCheckCore
    - GoogleSignIn
    - GoogleUtilities
    - GTMAppAuth
    - GTMSessionFetcher
    - PromisesObjC
    - Stripe
    - StripeApplePay
    - StripeCore
    - StripeFinancialConnections
    - StripePayments
    - StripePaymentSheet
    - StripePaymentsUI
    - StripeUICore

EXTERNAL SOURCES:
  Flutter:
    :path: Flutter
  flutter_credit_card:
    :path: ".symlinks/plugins/flutter_credit_card/ios"
  flutter_secure_storage:
    :path: ".symlinks/plugins/flutter_secure_storage/ios"
  fluttertoast:
    :path: ".symlinks/plugins/fluttertoast/ios"
  google_sign_in_ios:
    :path: ".symlinks/plugins/google_sign_in_ios/darwin"
  image_picker_ios:
    :path: ".symlinks/plugins/image_picker_ios/ios"
  path_provider_foundation:
    :path: ".symlinks/plugins/path_provider_foundation/darwin"
  shared_preferences_foundation:
    :path: ".symlinks/plugins/shared_preferences_foundation/darwin"
  stripe_ios:
    :path: ".symlinks/plugins/stripe_ios/ios"
  video_player_avfoundation:
    :path: ".symlinks/plugins/video_player_avfoundation/darwin"

SPEC CHECKSUMS:
  AppAuth: d4f13a8fe0baf391b2108511793e4b479691fb73
  AppCheckCore: cc8fd0a3a230ddd401f326489c99990b013f0c4f
  Flutter: cabc95a1d2626b1b06e7179b784ebcf0c0cde467
  flutter_credit_card: 75489579678755891ccb1ddcc13415defcea4f01
  flutter_secure_storage: 1ed9476fba7e7a782b22888f956cce43e2c62f13
  fluttertoast: 2c67e14dce98bbdb200df9e1acf610d7a6264ea1
  google_sign_in_ios: b48bb9af78576358a168361173155596c845f0b9
  GoogleSignIn: ce8c89bb9b37fb624b92e7514cc67335d1e277e4
  GoogleUtilities: 00c88b9a86066ef77f0da2fab05f65d7768ed8e1
  GTMAppAuth: f69bd07d68cd3b766125f7e072c45d7340dea0de
  GTMSessionFetcher: 5aea5ba6bd522a239e236100971f10cb71b96ab6
  image_picker_ios: 7fe1ff8e34c1790d6fff70a32484959f563a928a
  path_provider_foundation: 080d55be775b7414fd5a5ef3ac137b97b097e564
  PromisesObjC: f5707f49cb48b9636751c5b2e7d227e43fba9f47
  shared_preferences_foundation: 9e1978ff2562383bd5676f64ec4e9aa8fa06a6f7
  Stripe: ae1b368097280ad027c1ec4a817a0a78bb74a6ee
  stripe_ios: 4d9a7e2f67c5edacc634a0d0565603e081856b4f
  StripeApplePay: 66dc43ec1284904a2cf4c5a0906f86296d23afbd
  StripeCore: f3a62397cecaf4da1827bcf07de7312ec1f3b96e
  StripeFinancialConnections: ca4584ba0e08649787d7672b9ca4bb3c972e3d43
  StripePayments: b3e7817d821ceedd469008d17d94a1494ff1b624
  StripePaymentSheet: f4f5b71cef665f05a185c29b2d4b59e7dd8c117d
  StripePaymentsUI: d489e73bf790da1c74e642021475b1a09a4a4500
  StripeUICore: 723e5024c83acb5ba5e71335e110a471b182a74d
  video_player_avfoundation: 2cef49524dd1f16c5300b9cd6efd9611ce03639b

PODFILE CHECKSUM: 3c63482e143d1b91d2d2560aee9fb04ecc74ac7e

COCOAPODS: 1.16.2
